
Microsoft Visual Studio Solution File, Format Version 12.00
# Visual Studio Version 17
VisualStudioVersion = 17.5.33414.496
MinimumVisualStudioVersion = 10.0.40219.1
Project("{FAE04EC0-301F-11D3-BF4B-00C04F79EFBC}") = "modul9_1302213117", "modul9_1302213117\modul9_1302213117.csproj", "{E02F3090-E445-47BA-8FC4-95708596763D}"
EndProject
Global
	GlobalSection(SolutionConfigurationPlatforms) = preSolution
		Debug|Any CPU = Debug|Any CPU
		Release|Any CPU = Release|Any CPU
	EndGlobalSection
	GlobalSection(ProjectConfigurationPlatforms) = postSolution
		{E02F3090-E445-47BA-8FC4-95708596763D}.Debug|Any CPU.ActiveCfg = Debug|Any CPU
		{E02F3090-E445-47BA-8FC4-95708596763D}.Debug|Any CPU.Build.0 = Debug|Any CPU
		{E02F3090-E445-47BA-8FC4-95708596763D}.Release|Any CPU.ActiveCfg = Release|Any CPU
		{E02F3090-E445-47BA-8FC4-95708596763D}.Release|Any CPU.Build.0 = Release|Any CPU
	EndGlobalSection
	GlobalSection(SolutionProperties) = preSolution
		HideSolutionNode = FALSE
	EndGlobalSection
	GlobalSection(ExtensibilityGlobals) = postSolution
		SolutionGuid = {24FD6C7D-184C-484A-8084-3BA14FD03FD0}
	EndGlobalSection
EndGlobal
